
Microsoft Visual Studio Solution File, Format Version 12.00
# Visual Studio Version 17
VisualStudioVersion = 17.0.31903.59
MinimumVisualStudioVersion = 10.0.40219.1
Project("{FAE04EC0-301F-11D3-BF4B-00C04F79EFBC}") = "checkout-kata", "checkout-kata\checkout-kata.csproj", "{1E980BFE-D393-48DF-8B86-D350F6EC90CD}"
EndProject
Project("{FAE04EC0-301F-11D3-BF4B-00C04F79EFBC}") = "checkout-kata.test", "checkout-kata.test\checkout-kata.test.csproj", "{6562B035-0DD0-41A1-9BB4-74B5DDB0F206}"
EndProject
Global
	GlobalSection(SolutionConfigurationPlatforms) = preSolution
		Debug|Any CPU = Debug|Any CPU
		Release|Any CPU = Release|Any CPU
	EndGlobalSection
	GlobalSection(ProjectConfigurationPlatforms) = postSolution
		{1E980BFE-D393-48DF-8B86-D350F6EC90CD}.Debug|Any CPU.ActiveCfg = Debug|Any CPU
		{1E980BFE-D393-48DF-8B86-D350F6EC90CD}.Debug|Any CPU.Build.0 = Debug|Any CPU
		{1E980BFE-D393-48DF-8B86-D350F6EC90CD}.Release|Any CPU.ActiveCfg = Release|Any CPU
		{1E980BFE-D393-48DF-8B86-D350F6EC90CD}.Release|Any CPU.Build.0 = Release|Any CPU
		{6562B035-0DD0-41A1-9BB4-74B5DDB0F206}.Debug|Any CPU.ActiveCfg = Debug|Any CPU
		{6562B035-0DD0-41A1-9BB4-74B5DDB0F206}.Debug|Any CPU.Build.0 = Debug|Any CPU
		{6562B035-0DD0-41A1-9BB4-74B5DDB0F206}.Release|Any CPU.ActiveCfg = Release|Any CPU
		{6562B035-0DD0-41A1-9BB4-74B5DDB0F206}.Release|Any CPU.Build.0 = Release|Any CPU
	EndGlobalSection
	GlobalSection(SolutionProperties) = preSolution
		HideSolutionNode = FALSE
	EndGlobalSection
	GlobalSection(ExtensibilityGlobals) = postSolution
		SolutionGuid = {9435D918-B419-42A9-8409-831A779FBC11}
	EndGlobalSection
EndGlobal
